
Microsoft Visual Studio Solution File, Format Version 12.00
# Visual Studio Version 17
VisualStudioVersion = 17.1.32421.90
MinimumVisualStudioVersion = 10.0.40219.1
Project("{FAE04EC0-301F-11D3-BF4B-00C04F79EFBC}") = "Reservation-App", "Reservation-App.csproj", "{414936B4-8EFE-4197-B320-638A08A9F6CA}"
EndProject
Global
	GlobalSection(SolutionConfigurationPlatforms) = preSolution
		Debug|Any CPU = Debug|Any CPU
		Release|Any CPU = Release|Any CPU
	EndGlobalSection
	GlobalSection(ProjectConfigurationPlatforms) = postSolution
		{414936B4-8EFE-4197-B320-638A08A9F6CA}.Debug|Any CPU.ActiveCfg = Debug|Any CPU
		{414936B4-8EFE-4197-B320-638A08A9F6CA}.Debug|Any CPU.Build.0 = Debug|Any CPU
		{414936B4-8EFE-4197-B320-638A08A9F6CA}.Release|Any CPU.ActiveCfg = Release|Any CPU
		{414936B4-8EFE-4197-B320-638A08A9F6CA}.Release|Any CPU.Build.0 = Release|Any CPU
	EndGlobalSection
	GlobalSection(SolutionProperties) = preSolution
		HideSolutionNode = FALSE
	EndGlobalSection
	GlobalSection(ExtensibilityGlobals) = postSolution
		SolutionGuid = {8FC3A016-D0D4-408B-9444-57D6A96E4E15}
	EndGlobalSection
EndGlobal
